// !$*UTF8*$!
{
	archiveVersion = 1;
	classes = {
	};
	objectVersion = 77;
	objects = {

/* Begin PBXBuildFile section */
		F32C5FC42F7EDF0E00918BC9 /* NetworkComponent in Frameworks */ = {isa = PBXBuildFile; productRef = F32C5FC32F7EDF0E00918BC9 /* NetworkComponent */; };
		F3C53C152E8AF90600DE014C /* Kingfisher in Frameworks */ = {isa = PBXBuildFile; productRef = F3C53C142E8AF90600DE014C /* Kingfisher */; };
/* End PBXBuildFile section */

/* Begin PBXContainerItemProxy section */
		F3D78ABB2E82DBBF00AED3D3 /* PBXContainerItemProxy */ = {
			isa = PBXContainerItemProxy;
			containerPortal = F3D78AA32E82DBBB00AED3D3 /* Project object */;
			proxyType = 1;
			remoteGlobalIDString = F3D78AAA2E82DBBB00AED3D3;
			remoteInfo = CineTrack;
		};
		F3D78AC52E82DBBF00AED3D3 /* PBXContainerItemProxy */ = {
			isa = PBXContainerItemProxy;
			containerPortal = F3D78AA32E82DBBB00AED3D3 /* Project object */;
			proxyType = 1;
			remoteGlobalIDString = F3D78AAA2E82DBBB00AED3D3;
			remoteInfo = CineTrack;
		};
/* End PBXContainerItemProxy section */

/* Begin PBXFileReference section */
		F3D78AAB2E82DBBB00AED3D3 /* CineTrack.app */ = {isa = PBXFileReference; explicitFileType = wrapper.application; includeInIndex = 0; path = CineTrack.app; sourceTree = BUILT_PRODUCTS_DIR; };
		F3D78ABA2E82DBBF00AED3D3 /* CineTrackTests.xctest */ = {isa = PBXFileReference; explicitFileType = wrapper.cfbundle; includeInIndex = 0; path = CineTrackTests.xctest; sourceTree = BUILT_PRODUCTS_DIR; };
		F3D78AC42E82DBBF00AED3D3 /* CineTrackUITests.xctest */ = {isa = PBXFileReference; explicitFileType = wrapper.cfbundle; includeInIndex = 0; path = CineTrackUITests.xctest; sourceTree = BUILT_PRODUCTS_DIR; };
/* End PBXFileReference section */

/* Begin PBXFileSystemSynchronizedBuildFileExceptionSet section */
		F32742F12F6C4057003D6011 /* Exceptions for "CineTrack" folder in "CineTrackTests" target */ = {
			isa = PBXFileSystemSynchronizedBuildFileExceptionSet;
			membershipExceptions = (
				Models/Entities/RatingEntity.swift,
				Models/Entities/StoredProductionEntity.swift,
				Views/Favorites/FavoritesView.swift,
				Views/Home/AutoScrollingCarousel.swift,
				Views/Home/CarouselItemView.swift,
				Views/Home/ContentListItemView.swift,
				Views/Home/ContentSectionView.swift,
				Views/Search/ContentDetailView.swift,
				Views/Search/SearchBarView.swift,
			);
			target = F3D78AB92E82DBBF00AED3D3 /* CineTrackTests */;
		};
		F32742F22F6C4057003D6011 /* Exceptions for "CineTrack" folder in "CineTrackUITests" target */ = {
			isa = PBXFileSystemSynchronizedBuildFileExceptionSet;
			membershipExceptions = (
				Models/Entities/RatingEntity.swift,
				Models/Entities/StoredProductionEntity.swift,
				Views/Favorites/FavoritesView.swift,
				Views/Home/AutoScrollingCarousel.swift,
				Views/Home/CarouselItemView.swift,
				Views/Home/ContentListItemView.swift,
				Views/Home/ContentSectionView.swift,
				Views/Search/ContentDetailView.swift,
				Views/Search/SearchBarView.swift,
			);
			target = F3D78AC32E82DBBF00AED3D3 /* CineTrackUITests */;
		};
/* End PBXFileSystemSynchronizedBuildFileExceptionSet section */

/* Begin PBXFileSystemSynchronizedRootGroup section */
		F3D78AAD2E82DBBB00AED3D3 /* CineTrack */ = {
			isa = PBXFileSystemSynchronizedRootGroup;
			exceptions = (
				F32742F12F6C4057003D6011 /* Exceptions for "CineTrack" folder in "CineTrackTests" target */,
				F32742F22F6C4057003D6011 /* Exceptions for "CineTrack" folder in "CineTrackUITests" target */,
			);
			path = CineTrack;
			sourceTree = "<group>";
		};
		F3D78ABD2E82DBBF00AED3D3 /* CineTrackTests */ = {
			isa = PBXFileSystemSynchronizedRootGroup;
			path = CineTrackTests;
			sourceTree = "<group>";
		};
		F3D78AC72E82DBBF00AED3D3 /* CineTrackUITests */ = {
			isa = PBXFileSystemSynchronizedRootGroup;
			path = CineTrackUITests;
			sourceTree = "<group>";
		};
/* End PBXFileSystemSynchronizedRootGroup section */

/* Begin PBXFrameworksBuildPhase section */
		F3D78AA82E82DBBB00AED3D3 /* Frameworks */ = {
			isa = PBXFrameworksBuildPhase;
			buildActionMask = 2147483647;
			files = (
				F3C53C152E8AF90600DE014C /* Kingfisher in Frameworks */,
				F32C5FC42F7EDF0E00918BC9 /* NetworkComponent in Frameworks */,
			);
			runOnlyForDeploymentPostprocessing = 0;
		};
		F3D78AB72E82DBBF00AED3D3 /* Frameworks */ = {
			isa = PBXFrameworksBuildPhase;
			buildActionMask = 2147483647;
			files = (
			);
			runOnlyForDeploymentPostprocessing = 0;
		};
		F3D78AC12E82DBBF00AED3D3 /* Frameworks */ = {
			isa = PBXFrameworksBuildPhase;
			buildActionMask = 2147483647;
			files = (
			);
			runOnlyForDeploymentPostprocessing = 0;
		};
/* End PBXFrameworksBuildPhase section */

/* Begin PBXGroup section */
		F3D78AA22E82DBBB00AED3D3 = {
			isa = PBXGroup;
			children = (
				F3D78AAD2E82DBBB00AED3D3 /* CineTrack */,
				F3D78ABD2E82DBBF00AED3D3 /* CineTrackTests */,
				F3D78AC72E82DBBF00AED3D3 /* CineTrackUITests */,
				F3D78AAC2E82DBBB00AED3D3 /* Products */,
			);
			sourceTree = "<group>";
		};
		F3D78AAC2E82DBBB00AED3D3 /* Products */ = {
			isa = PBXGroup;
			children = (
				F3D78AAB2E82DBBB00AED3D3 /* CineTrack.app */,
				F3D78ABA2E82DBBF00AED3D3 /* CineTrackTests.xctest */,
				F3D78AC42E82DBBF00AED3D3 /* CineTrackUITests.xctest */,
			);
			name = Products;
			sourceTree = "<group>";
		};
/* End PBXGroup section */

/* Begin PBXNativeTarget section */
		F3D78AAA2E82DBBB00AED3D3 /* CineTrack */ = {
			isa = PBXNativeTarget;
			buildConfigurationList = F3D78ACE2E82DBBF00AED3D3 /* Build configuration list for PBXNativeTarget "CineTrack" */;
			buildPhases = (
				F3D78AA72E82DBBB00AED3D3 /* Sources */,
				F3D78AA82E82DBBB00AED3D3 /* Frameworks */,
				F3D78AA92E82DBBB00AED3D3 /* Resources */,
			);
			buildRules = (
			);
			dependencies = (
			);
			fileSystemSynchronizedGroups = (
				F3D78AAD2E82DBBB00AED3D3 /* CineTrack */,
			);
			name = CineTrack;
			packageProductDependencies = (
				F3C53C142E8AF90600DE014C /* Kingfisher */,
				F32C5FC32F7EDF0E00918BC9 /* NetworkComponent */,
			);
			productName = CineTrack;
			productReference = F3D78AAB2E82DBBB00AED3D3 /* CineTrack.app */;
			productType = "com.apple.product-type.application";
		};
		F3D78AB92E82DBBF00AED3D3 /* CineTrackTests */ = {
			isa = PBXNativeTarget;
			buildConfigurationList = F3D78AD12E82DBBF00AED3D3 /* Build configuration list for PBXNativeTarget "CineTrackTests" */;
			buildPhases = (
				F3D78AB62E82DBBF00AED3D3 /* Sources */,
				F3D78AB72E82DBBF00AED3D3 /* Frameworks */,
				F3D78AB82E82DBBF00AED3D3 /* Resources */,
			);
			buildRules = (
			);
			dependencies = (
				F3D78ABC2E82DBBF00AED3D3 /* PBXTargetDependency */,
			);
			fileSystemSynchronizedGroups = (
				F3D78ABD2E82DBBF00AED3D3 /* CineTrackTests */,
			);
			name = CineTrackTests;
			packageProductDependencies = (
			);
			productName = CineTrackTests;
			productReference = F3D78ABA2E82DBBF00AED3D3 /* CineTrackTests.xctest */;
			productType = "com.apple.product-type.bundle.unit-test";
		};
		F3D78AC32E82DBBF00AED3D3 /* CineTrackUITests */ = {
			isa = PBXNativeTarget;
			buildConfigurationList = F3D78AD42E82DBBF00AED3D3 /* Build configuration list for PBXNativeTarget "CineTrackUITests" */;
			buildPhases = (
				F3D78AC02E82DBBF00AED3D3 /* Sources */,
				F3D78AC12E82DBBF00AED3D3 /* Frameworks */,
				F3D78AC22E82DBBF00AED3D3 /* Resources */,
			);
			buildRules = (
			);
			dependencies = (
				F3D78AC62E82DBBF00AED3D3 /* PBXTargetDependency */,
			);
			fileSystemSynchronizedGroups = (
				F3D78AC72E82DBBF00AED3D3 /* CineTrackUITests */,
			);
			name = CineTrackUITests;
			packageProductDependencies = (
			);
			productName = CineTrackUITests;
			productReference = F3D78AC42E82DBBF00AED3D3 /* CineTrackUITests.xctest */;
			productType = "com.apple.product-type.bundle.ui-testing";
		};
/* End PBXNativeTarget section */

/* Begin PBXProject section */
		F3D78AA32E82DBBB00AED3D3 /* Project object */ = {
			isa = PBXProject;
			attributes = {
				BuildIndependentTargetsInParallel = 1;
				LastSwiftUpdateCheck = 1640;
				LastUpgradeCheck = 1640;
				TargetAttributes = {
					F3D78AAA2E82DBBB00AED3D3 = {
						CreatedOnToolsVersion = 16.4;
					};
					F3D78AB92E82DBBF00AED3D3 = {
						CreatedOnToolsVersion = 16.4;
						TestTargetID = F3D78AAA2E82DBBB00AED3D3;
					};
					F3D78AC32E82DBBF00AED3D3 = {
						CreatedOnToolsVersion = 16.4;
						TestTargetID = F3D78AAA2E82DBBB00AED3D3;
					};
				};
			};
			buildConfigurationList = F3D78AA62E82DBBB00AED3D3 /* Build configuration list for PBXProject "CineTrack" */;
			developmentRegion = en;
			hasScannedForEncodings = 0;
			knownRegions = (
				en,
				Base,
			);
			mainGroup = F3D78AA22E82DBBB00AED3D3;
			minimizedProjectReferenceProxies = 1;
			packageReferences = (
				F3C53C132E8AF90600DE014C /* XCRemoteSwiftPackageReference "Kingfisher" */,
				F3B389292F7AE8D30026E028 /* XCRemoteSwiftPackageReference "SwiftLintPlugins" */,
				F32C5FC22F7EDF0E00918BC9 /* XCLocalSwiftPackageReference "Components/NetworkComponent" */,
			);
			preferredProjectObjectVersion = 77;
			productRefGroup = F3D78AAC2E82DBBB00AED3D3 /* Products */;
			projectDirPath = "";
			projectRoot = "";
			targets = (
				F3D78AAA2E82DBBB00AED3D3 /* CineTrack */,
				F3D78AB92E82DBBF00AED3D3 /* CineTrackTests */,
				F3D78AC32E82DBBF00AED3D3 /* CineTrackUITests */,
			);
		};
/* End PBXProject section */

/* Begin PBXResourcesBuildPhase section */
		F3D78AA92E82DBBB00AED3D3 /* Resources */ = {
			isa = PBXResourcesBuildPhase;
			buildActionMask = 2147483647;
			files = (
			);
			runOnlyForDeploymentPostprocessing = 0;
		};
		F3D78AB82E82DBBF00AED3D3 /* Resources */ = {
			isa = PBXResourcesBuildPhase;
			buildActionMask = 2147483647;
			files = (
			);
			runOnlyForDeploymentPostprocessing = 0;
		};
		F3D78AC22E82DBBF00AED3D3 /* Resources */ = {
			isa = PBXResourcesBuildPhase;
			buildActionMask = 2147483647;
			files = (
			);
			runOnlyForDeploymentPostprocessing = 0;
		};
/* End PBXResourcesBuildPhase section */

/* Begin PBXSourcesBuildPhase section */
		F3D78AA72E82DBBB00AED3D3 /* Sources */ = {
			isa = PBXSourcesBuildPhase;
			buildActionMask = 2147483647;
			files = (
			);
			runOnlyForDeploymentPostprocessing = 0;
		};
		F3D78AB62E82DBBF00AED3D3 /* Sources */ = {
			isa = PBXSourcesBuildPhase;
			buildActionMask = 2147483647;
			files = (
			);
			runOnlyForDeploymentPostprocessing = 0;
		};
		F3D78AC02E82DBBF00AED3D3 /* Sources */ = {
			isa = PBXSourcesBuildPhase;
			buildActionMask = 2147483647;
			files = (
			);
			runOnlyForDeploymentPostprocessing = 0;
		};
/* End PBXSourcesBuildPhase section */

/* Begin PBXTargetDependency section */
		F3D78ABC2E82DBBF00AED3D3 /* PBXTargetDependency */ = {
			isa = PBXTargetDependency;
			target = F3D78AAA2E82DBBB00AED3D3 /* CineTrack */;
			targetProxy = F3D78ABB2E82DBBF00AED3D3 /* PBXContainerItemProxy */;
		};
		F3D78AC62E82DBBF00AED3D3 /* PBXTargetDependency */ = {
			isa = PBXTargetDependency;
			target = F3D78AAA2E82DBBB00AED3D3 /* CineTrack */;
			targetProxy = F3D78AC52E82DBBF00AED3D3 /* PBXContainerItemProxy */;
		};
/* End PBXTargetDependency section */

/* Begin XCBuildConfiguration section */
		F3D78ACC2E82DBBF00AED3D3 /* Debug */ = {
			isa = XCBuildConfiguration;
			buildSettings = {
				ALWAYS_SEARCH_USER_PATHS = NO;
				ASSETCATALOG_COMPILER_GENERATE_SWIFT_ASSET_SYMBOL_EXTENSIONS = YES;
				CLANG_ANALYZER_NONNULL = YES;
				CLANG_ANALYZER_NUMBER_OBJECT_CONVERSION = YES_AGGRESSIVE;
				CLANG_CXX_LANGUAGE_STANDARD = "gnu++20";
				CLANG_ENABLE_MODULES = YES;
				CLANG_ENABLE_OBJC_ARC = YES;
				CLANG_ENABLE_OBJC_WEAK = YES;
				CLANG_WARN_BLOCK_CAPTURE_AUTORELEASING = YES;
				CLANG_WARN_BOOL_CONVERSION = YES;
				CLANG_WARN_COMMA = YES;
				CLANG_WARN_CONSTANT_CONVERSION = YES;
				CLANG_WARN_DEPRECATED_OBJC_IMPLEMENTATIONS = YES;
				CLANG_WARN_DIRECT_OBJC_ISA_USAGE = YES_ERROR;
				CLANG_WARN_DOCUMENTATION_COMMENTS = YES;
				CLANG_WARN_EMPTY_BODY = YES;
				CLANG_WARN_ENUM_CONVERSION = YES;
				CLANG_WARN_INFINITE_RECURSION = YES;
				CLANG_WARN_INT_CONVERSION = YES;
				CLANG_WARN_NON_LITERAL_NULL_CONVERSION = YES;
				CLANG_WARN_OBJC_IMPLICIT_RETAIN_SELF = YES;
				CLANG_WARN_OBJC_LITERAL_CONVERSION = YES;
				CLANG_WARN_OBJC_ROOT_CLASS = YES_ERROR;
				CLANG_WARN_QUOTED_INCLUDE_IN_FRAMEWORK_HEADER = YES;
				CLANG_WARN_RANGE_LOOP_ANALYSIS = YES;
				CLANG_WARN_STRICT_PROTOTYPES = YES;
				CLANG_WARN_SUSPICIOUS_MOVE = YES;
				CLANG_WARN_UNGUARDED_AVAILABILITY = YES_AGGRESSIVE;
				CLANG_WARN_UNREACHABLE_CODE = YES;
				CLANG_WARN__DUPLICATE_METHOD_MATCH = YES;
				COPY_PHASE_STRIP = NO;
				DEBUG_INFORMATION_FORMAT = dwarf;
				DEVELOPMENT_TEAM = Q973G45C7S;
				ENABLE_STRICT_OBJC_MSGSEND = YES;
				ENABLE_TESTABILITY = YES;
				ENABLE_USER_SCRIPT_SANDBOXING = YES;
				GCC_C_LANGUAGE_STANDARD = gnu17;
				GCC_DYNAMIC_NO_PIC = NO;
				GCC_NO_COMMON_BLOCKS = YES;
				GCC_OPTIMIZATION_LEVEL = 0;
				GCC_PREPROCESSOR_DEFINITIONS = (
					"DEBUG=1",
					"$(inherited)",
				);
				GCC_WARN_64_TO_32_BIT_CONVERSION = YES;
				GCC_WARN_ABOUT_RETURN_TYPE = YES_ERROR;
				GCC_WARN_UNDECLARED_SELECTOR = YES;
				GCC_WARN_UNINITIALIZED_AUTOS = YES_AGGRESSIVE;
				GCC_WARN_UNUSED_FUNCTION = YES;
				GCC_WARN_UNUSED_VARIABLE = YES;
				IPHONEOS_DEPLOYMENT_TARGET = 18.5;
				LOCALIZATION_PREFERS_STRING_CATALOGS = YES;
				MTL_ENABLE_DEBUG_INFO = INCLUDE_SOURCE;
				MTL_FAST_MATH = YES;
				ONLY_ACTIVE_ARCH = YES;
				SDKROOT = iphoneos;
				SWIFT_ACTIVE_COMPILATION_CONDITIONS = "DEBUG $(inherited)";
				SWIFT_OPTIMIZATION_LEVEL = "-Onone";
			};
			name = Debug;
		};
		F3D78ACD2E82DBBF00AED3D3 /* Release */ = {
			isa = XCBuildConfiguration;
			buildSettings = {
				ALWAYS_SEARCH_USER_PATHS = NO;
				ASSETCATALOG_COMPILER_GENERATE_SWIFT_ASSET_SYMBOL_EXTENSIONS = YES;
				CLANG_ANALYZER_NONNULL = YES;
				CLANG_ANALYZER_NUMBER_OBJECT_CONVERSION = YES_AGGRESSIVE;
				CLANG_CXX_LANGUAGE_STANDARD = "gnu++20";
				CLANG_ENABLE_MODULES = YES;
				CLANG_ENABLE_OBJC_ARC = YES;
				CLANG_ENABLE_OBJC_WEAK = YES;
				CLANG_WARN_BLOCK_CAPTURE_AUTORELEASING = YES;
				CLANG_WARN_BOOL_CONVERSION = YES;
				CLANG_WARN_COMMA = YES;
				CLANG_WARN_CONSTANT_CONVERSION = YES;
				CLANG_WARN_DEPRECATED_OBJC_IMPLEMENTATIONS = YES;
				CLANG_WARN_DIRECT_OBJC_ISA_USAGE = YES_ERROR;
				CLANG_WARN_DOCUMENTATION_COMMENTS = YES;
				CLANG_WARN_EMPTY_BODY = YES;
				CLANG_WARN_ENUM_CONVERSION = YES;
				CLANG_WARN_INFINITE_RECURSION = YES;
				CLANG_WARN_INT_CONVERSION = YES;
				CLANG_WARN_NON_LITERAL_NULL_CONVERSION = YES;
				CLANG_WARN_OBJC_IMPLICIT_RETAIN_SELF = YES;
				CLANG_WARN_OBJC_LITERAL_CONVERSION = YES;
				CLANG_WARN_OBJC_ROOT_CLASS = YES_ERROR;
				CLANG_WARN_QUOTED_INCLUDE_IN_FRAMEWORK_HEADER = YES;
				CLANG_WARN_RANGE_LOOP_ANALYSIS = YES;
				CLANG_WARN_STRICT_PROTOTYPES = YES;
				CLANG_WARN_SUSPICIOUS_MOVE = YES;
				CLANG_WARN_UNGUARDED_AVAILABILITY = YES_AGGRESSIVE;
				CLANG_WARN_UNREACHABLE_CODE = YES;
				CLANG_WARN__DUPLICATE_METHOD_MATCH = YES;
				COPY_PHASE_STRIP = NO;
				DEBUG_INFORMATION_FORMAT = "dwarf-with-dsym";
				DEVELOPMENT_TEAM = Q973G45C7S;
				ENABLE_NS_ASSERTIONS = NO;
				ENABLE_STRICT_OBJC_MSGSEND = YES;
				ENABLE_USER_SCRIPT_SANDBOXING = YES;
				GCC_C_LANGUAGE_STANDARD = gnu17;
				GCC_NO_COMMON_BLOCKS = YES;
				GCC_WARN_64_TO_32_BIT_CONVERSION = YES;
				GCC_WARN_ABOUT_RETURN_TYPE = YES_ERROR;
				GCC_WARN_UNDECLARED_SELECTOR = YES;
				GCC_WARN_UNINITIALIZED_AUTOS = YES_AGGRESSIVE;
				GCC_WARN_UNUSED_FUNCTION = YES;
				GCC_WARN_UNUSED_VARIABLE = YES;
				IPHONEOS_DEPLOYMENT_TARGET = 18.5;
				LOCALIZATION_PREFERS_STRING_CATALOGS = YES;
				MTL_ENABLE_DEBUG_INFO = NO;
				MTL_FAST_MATH = YES;
				SDKROOT = iphoneos;
				SWIFT_COMPILATION_MODE = wholemodule;
				VALIDATE_PRODUCT = YES;
			};
			name = Release;
		};
		F3D78ACF2E82DBBF00AED3D3 /* Debug */ = {
			isa = XCBuildConfiguration;
			buildSettings = {
				ASSETCATALOG_COMPILER_APPICON_NAME = AppIcon;
				ASSETCATALOG_COMPILER_GLOBAL_ACCENT_COLOR_NAME = AccentColor;
				CODE_SIGN_STYLE = Manual;
				CURRENT_PROJECT_VERSION = 1;
				DEVELOPMENT_TEAM = "";
				ENABLE_PREVIEWS = YES;
				GENERATE_INFOPLIST_FILE = YES;
				INFOPLIST_KEY_CFBundleDisplayName = CineTrack;
				INFOPLIST_KEY_UIApplicationSceneManifest_Generation = YES;
				INFOPLIST_KEY_UIApplicationSupportsIndirectInputEvents = YES;
				INFOPLIST_KEY_UILaunchScreen_Generation = YES;
				INFOPLIST_KEY_UISupportedInterfaceOrientations = UIInterfaceOrientationPortrait;
				INFOPLIST_KEY_UISupportedInterfaceOrientations_iPad = "UIInterfaceOrientationLandscapeLeft UIInterfaceOrientationLandscapeRight UIInterfaceOrientationPortrait UIInterfaceOrientationPortraitUpsideDown";
				IPHONEOS_DEPLOYMENT_TARGET = 18.0;
				LD_RUNPATH_SEARCH_PATHS = (
					"$(inherited)",
					"@executable_path/Frameworks",
				);
				MARKETING_VERSION = 1.0;
				PRODUCT_BUNDLE_IDENTIFIER = ryan.CineTrack;
				PRODUCT_NAME = "$(TARGET_NAME)";
				PROVISIONING_PROFILE_SPECIFIER = "";
				SUPPORTED_PLATFORMS = "iphoneos iphonesimulator";
				SUPPORTS_MACCATALYST = NO;
				SUPPORTS_MAC_DESIGNED_FOR_IPHONE_IPAD = NO;
				SUPPORTS_XR_DESIGNED_FOR_IPHONE_IPAD = NO;
				SWIFT_EMIT_LOC_STRINGS = YES;
				SWIFT_VERSION = 5.0;
				TARGETED_DEVICE_FAMILY = 1;
			};
			name = Debug;
		};
		F3D78AD02E82DBBF00AED3D3 /* Release */ = {
			isa = XCBuildConfiguration;
			buildSettings = {
				ASSETCATALOG_COMPILER_APPICON_NAME = AppIcon;
				ASSETCATALOG_COMPILER_GLOBAL_ACCENT_COLOR_NAME = AccentColor;
				CODE_SIGN_STYLE = Manual;
				CURRENT_PROJECT_VERSION = 1;
				DEVELOPMENT_TEAM = "";
				ENABLE_PREVIEWS = YES;
				GENERATE_INFOPLIST_FILE = YES;
				INFOPLIST_KEY_CFBundleDisplayName = CineTrack;
				INFOPLIST_KEY_UIApplicationSceneManifest_Generation = YES;
				INFOPLIST_KEY_UIApplicationSupportsIndirectInputEvents = YES;
				INFOPLIST_KEY_UILaunchScreen_Generation = YES;
				INFOPLIST_KEY_UISupportedInterfaceOrientations = UIInterfaceOrientationPortrait;
				INFOPLIST_KEY_UISupportedInterfaceOrientations_iPad = "UIInterfaceOrientationLandscapeLeft UIInterfaceOrientationLandscapeRight UIInterfaceOrientationPortrait UIInterfaceOrientationPortraitUpsideDown";
				IPHONEOS_DEPLOYMENT_TARGET = 18.0;
				LD_RUNPATH_SEARCH_PATHS = (
					"$(inherited)",
					"@executable_path/Frameworks",
				);
				MARKETING_VERSION = 1.0;
				PRODUCT_BUNDLE_IDENTIFIER = ryan.CineTrack;
				PRODUCT_NAME = "$(TARGET_NAME)";
				PROVISIONING_PROFILE_SPECIFIER = "";
				SUPPORTED_PLATFORMS = "iphoneos iphonesimulator";
				SUPPORTS_MACCATALYST = NO;
				SUPPORTS_MAC_DESIGNED_FOR_IPHONE_IPAD = NO;
				SUPPORTS_XR_DESIGNED_FOR_IPHONE_IPAD = NO;
				SWIFT_EMIT_LOC_STRINGS = YES;
				SWIFT_VERSION = 5.0;
				TARGETED_DEVICE_FAMILY = 1;
			};
			name = Release;
		};
		F3D78AD22E82DBBF00AED3D3 /* Debug */ = {
			isa = XCBuildConfiguration;
			buildSettings = {
				BUNDLE_LOADER = "$(TEST_HOST)";
				CODE_SIGN_STYLE = Automatic;
				CURRENT_PROJECT_VERSION = 1;
				DEVELOPMENT_TEAM = Q973G45C7S;
				GENERATE_INFOPLIST_FILE = YES;
				IPHONEOS_DEPLOYMENT_TARGET = 18.5;
				MARKETING_VERSION = 1.0;
				PRODUCT_BUNDLE_IDENTIFIER = ryan.CineTrackTests;
				PRODUCT_NAME = "$(TARGET_NAME)";
				SWIFT_EMIT_LOC_STRINGS = NO;
				SWIFT_VERSION = 5.0;
				TARGETED_DEVICE_FAMILY = "1,2";
				TEST_HOST = "$(BUILT_PRODUCTS_DIR)/CineTrack.app/$(BUNDLE_EXECUTABLE_FOLDER_PATH)/CineTrack";
			};
			name = Debug;
		};
		F3D78AD32E82DBBF00AED3D3 /* Release */ = {
			isa = XCBuildConfiguration;
			buildSettings = {
				BUNDLE_LOADER = "$(TEST_HOST)";
				CODE_SIGN_STYLE = Automatic;
				CURRENT_PROJECT_VERSION = 1;
				DEVELOPMENT_TEAM = Q973G45C7S;
				GENERATE_INFOPLIST_FILE = YES;
				IPHONEOS_DEPLOYMENT_TARGET = 18.5;
				MARKETING_VERSION = 1.0;
				PRODUCT_BUNDLE_IDENTIFIER = ryan.CineTrackTests;
				PRODUCT_NAME = "$(TARGET_NAME)";
				SWIFT_EMIT_LOC_STRINGS = NO;
				SWIFT_VERSION = 5.0;
				TARGETED_DEVICE_FAMILY = "1,2";
				TEST_HOST = "$(BUILT_PRODUCTS_DIR)/CineTrack.app/$(BUNDLE_EXECUTABLE_FOLDER_PATH)/CineTrack";
			};
			name = Release;
		};
		F3D78AD52E82DBBF00AED3D3 /* Debug */ = {
			isa = XCBuildConfiguration;
			buildSettings = {
				CODE_SIGN_STYLE = Automatic;
				CURRENT_PROJECT_VERSION = 1;
				DEVELOPMENT_TEAM = Q973G45C7S;
				GENERATE_INFOPLIST_FILE = YES;
				MARKETING_VERSION = 1.0;
				PRODUCT_BUNDLE_IDENTIFIER = ryan.CineTrackUITests;
				PRODUCT_NAME = "$(TARGET_NAME)";
				SWIFT_EMIT_LOC_STRINGS = NO;
				SWIFT_VERSION = 5.0;
				TARGETED_DEVICE_FAMILY = "1,2";
				TEST_TARGET_NAME = CineTrack;
			};
			name = Debug;
		};
		F3D78AD62E82DBBF00AED3D3 /* Release */ = {
			isa = XCBuildConfiguration;
			buildSettings = {
				CODE_SIGN_STYLE = Automatic;
				CURRENT_PROJECT_VERSION = 1;
				DEVELOPMENT_TEAM = Q973G45C7S;
				GENERATE_INFOPLIST_FILE = YES;
				MARKETING_VERSION = 1.0;
				PRODUCT_BUNDLE_IDENTIFIER = ryan.CineTrackUITests;
				PRODUCT_NAME = "$(TARGET_NAME)";
				SWIFT_EMIT_LOC_STRINGS = NO;
				SWIFT_VERSION = 5.0;
				TARGETED_DEVICE_FAMILY = "1,2";
				TEST_TARGET_NAME = CineTrack;
			};
			name = Release;
		};
/* End XCBuildConfiguration section */

/* Begin XCConfigurationList section */
		F3D78AA62E82DBBB00AED3D3 /* Build configuration list for PBXProject "CineTrack" */ = {
			isa = XCConfigurationList;
			buildConfigurations = (
				F3D78ACC2E82DBBF00AED3D3 /* Debug */,
				F3D78ACD2E82DBBF00AED3D3 /* Release */,
			);
			defaultConfigurationIsVisible = 0;
			defaultConfigurationName = Release;
		};
		F3D78ACE2E82DBBF00AED3D3 /* Build configuration list for PBXNativeTarget "CineTrack" */ = {
			isa = XCConfigurationList;
			buildConfigurations = (
				F3D78ACF2E82DBBF00AED3D3 /* Debug */,
				F3D78AD02E82DBBF00AED3D3 /* Release */,
			);
			defaultConfigurationIsVisible = 0;
			defaultConfigurationName = Release;
		};
		F3D78AD12E82DBBF00AED3D3 /* Build configuration list for PBXNativeTarget "CineTrackTests" */ = {
			isa = XCConfigurationList;
			buildConfigurations = (
				F3D78AD22E82DBBF00AED3D3 /* Debug */,
				F3D78AD32E82DBBF00AED3D3 /* Release */,
			);
			defaultConfigurationIsVisible = 0;
			defaultConfigurationName = Release;
		};
		F3D78AD42E82DBBF00AED3D3 /* Build configuration list for PBXNativeTarget "CineTrackUITests" */ = {
			isa = XCConfigurationList;
			buildConfigurations = (
				F3D78AD52E82DBBF00AED3D3 /* Debug */,
				F3D78AD62E82DBBF00AED3D3 /* Release */,
			);
			defaultConfigurationIsVisible = 0;
			defaultConfigurationName = Release;
		};
/* End XCConfigurationList section */

/* Begin XCLocalSwiftPackageReference section */
		F32C5FC22F7EDF0E00918BC9 /* XCLocalSwiftPackageReference "Components/NetworkComponent" */ = {
			isa = XCLocalSwiftPackageReference;
			relativePath = Components/NetworkComponent;
		};
/* End XCLocalSwiftPackageReference section */

/* Begin XCRemoteSwiftPackageReference section */
		F3B389292F7AE8D30026E028 /* XCRemoteSwiftPackageReference "SwiftLintPlugins" */ = {
			isa = XCRemoteSwiftPackageReference;
			repositoryURL = "https://github.com/SimplyDanny/SwiftLintPlugins";
			requirement = {
				kind = upToNextMajorVersion;
				minimumVersion = 0.63.2;
			};
		};
		F3C53C132E8AF90600DE014C /* XCRemoteSwiftPackageReference "Kingfisher" */ = {
			isa = XCRemoteSwiftPackageReference;
			repositoryURL = "https://github.com/onevcat/Kingfisher";
			requirement = {
				kind = upToNextMajorVersion;
				minimumVersion = 8.5.0;
			};
		};
/* End XCRemoteSwiftPackageReference section */

/* Begin XCSwiftPackageProductDependency section */
		F32C5FC32F7EDF0E00918BC9 /* NetworkComponent */ = {
			isa = XCSwiftPackageProductDependency;
			productName = NetworkComponent;
		};
		F3C53C142E8AF90600DE014C /* Kingfisher */ = {
			isa = XCSwiftPackageProductDependency;
			package = F3C53C132E8AF90600DE014C /* XCRemoteSwiftPackageReference "Kingfisher" */;
			productName = Kingfisher;
		};
/* End XCSwiftPackageProductDependency section */
	};
	rootObject = F3D78AA32E82DBBB00AED3D3 /* Project object */;
}
